
Microsoft Visual Studio Solution File, Format Version 12.00
# Visual Studio Version 17
VisualStudioVersion = 17.4.33110.190
MinimumVisualStudioVersion = 10.0.40219.1
Project("{FAE04EC0-301F-11D3-BF4B-00C04F79EFBC}") = "BlogReader", "BlogReader.csproj", "{5940916B-C656-4994-81EC-D25D697FE09D}"
EndProject
Project("{2150E333-8FDC-42A3-9474-1A3956D46DE8}") = "Solution Items", "Solution Items", "{823C348D-E08C-46F5-A0B1-63B04C122D72}"
	ProjectSection(SolutionItems) = preProject
		.editorconfig = .editorconfig
	EndProjectSection
EndProject
Global
	GlobalSection(SolutionConfigurationPlatforms) = preSolution
		Debug|Any CPU = Debug|Any CPU
		Release|Any CPU = Release|Any CPU
	EndGlobalSection
	GlobalSection(ProjectConfigurationPlatforms) = postSolution
		{5940916B-C656-4994-81EC-D25D697FE09D}.Debug|Any CPU.ActiveCfg = Debug|Any CPU
		{5940916B-C656-4994-81EC-D25D697FE09D}.Debug|Any CPU.Build.0 = Debug|Any CPU
		{5940916B-C656-4994-81EC-D25D697FE09D}.Release|Any CPU.ActiveCfg = Release|Any CPU
		{5940916B-C656-4994-81EC-D25D697FE09D}.Release|Any CPU.Build.0 = Release|Any CPU
	EndGlobalSection
	GlobalSection(SolutionProperties) = preSolution
		HideSolutionNode = FALSE
	EndGlobalSection
	GlobalSection(ExtensibilityGlobals) = postSolution
		SolutionGuid = {36EE6130-D3D3-42C6-9145-5EFB6F1363A1}
	EndGlobalSection
EndGlobal
